
Microsoft Visual Studio Solution File, Format Version 12.00
# Visual Studio Version 16
VisualStudioVersion = 16.0.30523.141
MinimumVisualStudioVersion = 10.0.40219.1
Project("{FAE04EC0-301F-11D3-BF4B-00C04F79EFBC}") = "Calculator_Test_2", "Calculator_Test_2.csproj", "{B37409A7-F391-47EC-83DA-3EBE24AD2D5E}"
EndProject
Project("{FAE04EC0-301F-11D3-BF4B-00C04F79EFBC}") = "Testcodes", "..\Testcodes\Testcodes.csproj", "{C560495E-E139-44C9-84D7-9F86B3271084}"
EndProject
Global
	GlobalSection(SolutionConfigurationPlatforms) = preSolution
		Debug|Any CPU = Debug|Any CPU
		Release|Any CPU = Release|Any CPU
	EndGlobalSection
	GlobalSection(ProjectConfigurationPlatforms) = postSolution
		{B37409A7-F391-47EC-83DA-3EBE24AD2D5E}.Debug|Any CPU.ActiveCfg = Debug|Any CPU
		{B37409A7-F391-47EC-83DA-3EBE24AD2D5E}.Debug|Any CPU.Build.0 = Debug|Any CPU
		{B37409A7-F391-47EC-83DA-3EBE24AD2D5E}.Release|Any CPU.ActiveCfg = Release|Any CPU
		{B37409A7-F391-47EC-83DA-3EBE24AD2D5E}.Release|Any CPU.Build.0 = Release|Any CPU
		{C560495E-E139-44C9-84D7-9F86B3271084}.Debug|Any CPU.ActiveCfg = Debug|Any CPU
		{C560495E-E139-44C9-84D7-9F86B3271084}.Debug|Any CPU.Build.0 = Debug|Any CPU
		{C560495E-E139-44C9-84D7-9F86B3271084}.Release|Any CPU.ActiveCfg = Release|Any CPU
		{C560495E-E139-44C9-84D7-9F86B3271084}.Release|Any CPU.Build.0 = Release|Any CPU
	EndGlobalSection
	GlobalSection(SolutionProperties) = preSolution
		HideSolutionNode = FALSE
	EndGlobalSection
	GlobalSection(ExtensibilityGlobals) = postSolution
		SolutionGuid = {CA2DBA79-4DA7-45AF-A27B-55B227A7119C}
	EndGlobalSection
EndGlobal
